
Microsoft Visual Studio Solution File, Format Version 12.00
# Visual Studio 2012
Project("{8BC9CEB8-8B4A-11D0-8D11-00A0C91BC942}") = "DiagonalArray", "DiagonalArray.vcxproj", "{E1C351F8-596A-49B4-87FA-84157EA38294}"
EndProject
Global
	GlobalSection(SolutionConfigurationPlatforms) = preSolution
		Debug|Win32 = Debug|Win32
		Release|Win32 = Release|Win32
	EndGlobalSection
	GlobalSection(ProjectConfigurationPlatforms) = postSolution
		{E1C351F8-596A-49B4-87FA-84157EA38294}.Debug|Win32.ActiveCfg = Debug|Win32
		{E1C351F8-596A-49B4-87FA-84157EA38294}.Debug|Win32.Build.0 = Debug|Win32
		{E1C351F8-596A-49B4-87FA-84157EA38294}.Release|Win32.ActiveCfg = Release|Win32
		{E1C351F8-596A-49B4-87FA-84157EA38294}.Release|Win32.Build.0 = Release|Win32
	EndGlobalSection
	GlobalSection(SolutionProperties) = preSolution
		HideSolutionNode = FALSE
	EndGlobalSection
EndGlobal
